
Microsoft Visual Studio Solution File, Format Version 12.00
Project("{2150E333-8FDC-42A3-9474-1A3956D46DE8}") = "src", "src", "{E1E6DC2B-9D51-49EB-B4C2-22029ECA2ED2}"
EndProject
Project("{2150E333-8FDC-42A3-9474-1A3956D46DE8}") = "Common", "Common", "{B2455905-31C8-4E99-BD93-38B0033FFBDA}"
EndProject
Project("{2150E333-8FDC-42A3-9474-1A3956D46DE8}") = "BirthdayManager", "BirthdayManager", "{847D5A11-4F8B-4262-9132-D06B156ACA8A}"
EndProject
Project("{2150E333-8FDC-42A3-9474-1A3956D46DE8}") = "Application", "Application", "{48A701FB-1612-45CC-A0D4-DEC0324B58C9}"
EndProject
Project("{2150E333-8FDC-42A3-9474-1A3956D46DE8}") = "Domain", "Domain", "{280CE30E-1D4C-4C48-B3B2-7221463BC44F}"
EndProject
Project("{2150E333-8FDC-42A3-9474-1A3956D46DE8}") = "Infrastructure", "Infrastructure", "{BBC851BD-F5D0-4B96-9C2A-CFFA67491AC5}"
EndProject
Project("{2150E333-8FDC-42A3-9474-1A3956D46DE8}") = "Contracts", "Contracts", "{AD3A60F2-540D-4B6F-82DE-45C0E3E9A846}"
EndProject
Project("{2150E333-8FDC-42A3-9474-1A3956D46DE8}") = "Host", "Host", "{0ED2ED45-3C37-4129-B5CC-238D2543BBD3}"
EndProject
Project("{FAE04EC0-301F-11D3-BF4B-00C04F79EFBC}") = "BirthdayManager.Application.AppData", "src\BirthdayManager\Application\BirthdayManager.Application.AppData\BirthdayManager.Application.AppData.csproj", "{EE20A43C-BB17-4F7C-8375-E45CE167227A}"
EndProject
Project("{FAE04EC0-301F-11D3-BF4B-00C04F79EFBC}") = "BirthdayManager.Contracts", "src\BirthdayManager\Contracts\BirthdayManager.Contracts\BirthdayManager.Contracts.csproj", "{A37379EC-3900-45C7-A2CB-4364312BEF1C}"
EndProject
Project("{FAE04EC0-301F-11D3-BF4B-00C04F79EFBC}") = "BirthdayManager.Domain", "src\BirthdayManager\Domain\BirthdayManager.Domain\BirthdayManager.Domain.csproj", "{2FB05BBA-5E04-4A0F-A271-D95E2FBC1E61}"
EndProject
Project("{FAE04EC0-301F-11D3-BF4B-00C04F79EFBC}") = "BirthdayManager.Infrastructure", "src\BirthdayManager\Infrastructure\BirthdayManager.Infrastructure\BirthdayManager.Infrastructure.csproj", "{1690D234-2797-4E14-94DB-261B41A26772}"
EndProject
Project("{FAE04EC0-301F-11D3-BF4B-00C04F79EFBC}") = "BirthdayManager.Infrastructure.DataAccess", "src\BirthdayManager\Infrastructure\BirthdayManager.Infrastructure.DataAccess\BirthdayManager.Infrastructure.DataAccess.csproj", "{D242E20D-A41D-45F1-B886-504E560830BF}"
EndProject
Global
	GlobalSection(SolutionConfigurationPlatforms) = preSolution
		Debug|Any CPU = Debug|Any CPU
		Release|Any CPU = Release|Any CPU
	EndGlobalSection
	GlobalSection(NestedProjects) = preSolution
		{B2455905-31C8-4E99-BD93-38B0033FFBDA} = {E1E6DC2B-9D51-49EB-B4C2-22029ECA2ED2}
		{847D5A11-4F8B-4262-9132-D06B156ACA8A} = {E1E6DC2B-9D51-49EB-B4C2-22029ECA2ED2}
		{48A701FB-1612-45CC-A0D4-DEC0324B58C9} = {847D5A11-4F8B-4262-9132-D06B156ACA8A}
		{280CE30E-1D4C-4C48-B3B2-7221463BC44F} = {847D5A11-4F8B-4262-9132-D06B156ACA8A}
		{BBC851BD-F5D0-4B96-9C2A-CFFA67491AC5} = {847D5A11-4F8B-4262-9132-D06B156ACA8A}
		{AD3A60F2-540D-4B6F-82DE-45C0E3E9A846} = {847D5A11-4F8B-4262-9132-D06B156ACA8A}
		{0ED2ED45-3C37-4129-B5CC-238D2543BBD3} = {847D5A11-4F8B-4262-9132-D06B156ACA8A}
		{EE20A43C-BB17-4F7C-8375-E45CE167227A} = {48A701FB-1612-45CC-A0D4-DEC0324B58C9}
		{A37379EC-3900-45C7-A2CB-4364312BEF1C} = {AD3A60F2-540D-4B6F-82DE-45C0E3E9A846}
		{2FB05BBA-5E04-4A0F-A271-D95E2FBC1E61} = {280CE30E-1D4C-4C48-B3B2-7221463BC44F}
		{1690D234-2797-4E14-94DB-261B41A26772} = {BBC851BD-F5D0-4B96-9C2A-CFFA67491AC5}
		{D242E20D-A41D-45F1-B886-504E560830BF} = {BBC851BD-F5D0-4B96-9C2A-CFFA67491AC5}
	EndGlobalSection
	GlobalSection(ProjectConfigurationPlatforms) = postSolution
		{EE20A43C-BB17-4F7C-8375-E45CE167227A}.Debug|Any CPU.ActiveCfg = Debug|Any CPU
		{EE20A43C-BB17-4F7C-8375-E45CE167227A}.Debug|Any CPU.Build.0 = Debug|Any CPU
		{EE20A43C-BB17-4F7C-8375-E45CE167227A}.Release|Any CPU.ActiveCfg = Release|Any CPU
		{EE20A43C-BB17-4F7C-8375-E45CE167227A}.Release|Any CPU.Build.0 = Release|Any CPU
		{A37379EC-3900-45C7-A2CB-4364312BEF1C}.Debug|Any CPU.ActiveCfg = Debug|Any CPU
		{A37379EC-3900-45C7-A2CB-4364312BEF1C}.Debug|Any CPU.Build.0 = Debug|Any CPU
		{A37379EC-3900-45C7-A2CB-4364312BEF1C}.Release|Any CPU.ActiveCfg = Release|Any CPU
		{A37379EC-3900-45C7-A2CB-4364312BEF1C}.Release|Any CPU.Build.0 = Release|Any CPU
		{2FB05BBA-5E04-4A0F-A271-D95E2FBC1E61}.Debug|Any CPU.ActiveCfg = Debug|Any CPU
		{2FB05BBA-5E04-4A0F-A271-D95E2FBC1E61}.Debug|Any CPU.Build.0 = Debug|Any CPU
		{2FB05BBA-5E04-4A0F-A271-D95E2FBC1E61}.Release|Any CPU.ActiveCfg = Release|Any CPU
		{2FB05BBA-5E04-4A0F-A271-D95E2FBC1E61}.Release|Any CPU.Build.0 = Release|Any CPU
		{1690D234-2797-4E14-94DB-261B41A26772}.Debug|Any CPU.ActiveCfg = Debug|Any CPU
		{1690D234-2797-4E14-94DB-261B41A26772}.Debug|Any CPU.Build.0 = Debug|Any CPU
		{1690D234-2797-4E14-94DB-261B41A26772}.Release|Any CPU.ActiveCfg = Release|Any CPU
		{1690D234-2797-4E14-94DB-261B41A26772}.Release|Any CPU.Build.0 = Release|Any CPU
		{D242E20D-A41D-45F1-B886-504E560830BF}.Debug|Any CPU.ActiveCfg = Debug|Any CPU
		{D242E20D-A41D-45F1-B886-504E560830BF}.Debug|Any CPU.Build.0 = Debug|Any CPU
		{D242E20D-A41D-45F1-B886-504E560830BF}.Release|Any CPU.ActiveCfg = Release|Any CPU
		{D242E20D-A41D-45F1-B886-504E560830BF}.Release|Any CPU.Build.0 = Release|Any CPU
	EndGlobalSection
EndGlobal
